
Microsoft Visual Studio Solution File, Format Version 12.00
# Visual Studio Version 17
VisualStudioVersion = 17.2.32516.85
MinimumVisualStudioVersion = 10.0.40219.1
Project("{9A19103F-16F7-4668-BE54-9A1E7A4F7556}") = "DroneSurvey", "DroneSurvey.csproj", "{A41FFD17-1F10-4975-A594-6461CDCCE7BD}"
EndProject
Global
	GlobalSection(SolutionConfigurationPlatforms) = preSolution
		Debug|Any CPU = Debug|Any CPU
		Release|Any CPU = Release|Any CPU
	EndGlobalSection
	GlobalSection(ProjectConfigurationPlatforms) = postSolution
		{A41FFD17-1F10-4975-A594-6461CDCCE7BD}.Debug|Any CPU.ActiveCfg = Debug|Any CPU
		{A41FFD17-1F10-4975-A594-6461CDCCE7BD}.Debug|Any CPU.Build.0 = Debug|Any CPU
		{A41FFD17-1F10-4975-A594-6461CDCCE7BD}.Release|Any CPU.ActiveCfg = Release|Any CPU
		{A41FFD17-1F10-4975-A594-6461CDCCE7BD}.Release|Any CPU.Build.0 = Release|Any CPU
	EndGlobalSection
	GlobalSection(SolutionProperties) = preSolution
		HideSolutionNode = FALSE
	EndGlobalSection
	GlobalSection(ExtensibilityGlobals) = postSolution
		SolutionGuid = {11F08B65-574E-4B6D-B024-2ECC47DDF3AD}
	EndGlobalSection
EndGlobal
